// !$*UTF8*$!
{
	archiveVersion = 1;
	classes = {
	};
	objectVersion = 50;
	objects = {

/* Begin PBXBuildFile section */
		8476FB4F26A5789500BF3494 /* AppDelegate.swift in Sources */ = {isa = PBXBuildFile; fileRef = 8476FB4E26A5789500BF3494 /* AppDelegate.swift */; };
		8476FB5126A5789500BF3494 /* SceneDelegate.swift in Sources */ = {isa = PBXBuildFile; fileRef = 8476FB5026A5789500BF3494 /* SceneDelegate.swift */; };
		8476FB5326A5789600BF3494 /* ViewController.swift in Sources */ = {isa = PBXBuildFile; fileRef = 8476FB5226A5789500BF3494 /* ViewController.swift */; };
		8476FB5626A5789600BF3494 /* Main.storyboard in Resources */ = {isa = PBXBuildFile; fileRef = 8476FB5426A5789600BF3494 /* Main.storyboard */; };
		8476FB5826A5789800BF3494 /* Assets.xcassets in Resources */ = {isa = PBXBuildFile; fileRef = 8476FB5726A5789800BF3494 /* Assets.xcassets */; };
		8476FB5B26A5789800BF3494 /* LaunchScreen.storyboard in Resources */ = {isa = PBXBuildFile; fileRef = 8476FB5926A5789800BF3494 /* LaunchScreen.storyboard */; };
		8476FB6626A5799300BF3494 /* logo.png in Resources */ = {isa = PBXBuildFile; fileRef = 8476FB6326A5799200BF3494 /* logo.png */; };
		8476FB6726A5799300BF3494 /* botaogerar.png in Resources */ = {isa = PBXBuildFile; fileRef = 8476FB6426A5799200BF3494 /* botaogerar.png */; };
		8476FB6826A5799300BF3494 /* botaogerar-pressionado.png in Resources */ = {isa = PBXBuildFile; fileRef = 8476FB6526A5799300BF3494 /* botaogerar-pressionado.png */; };
/* End PBXBuildFile section */

/* Begin PBXFileReference section */
		8476FB4B26A5789500BF3494 /* Gerador de numeros.app */ = {isa = PBXFileReference; explicitFileType = wrapper.application; includeInIndex = 0; path = "Gerador de numeros.app"; sourceTree = BUILT_PRODUCTS_DIR; };
		8476FB4E26A5789500BF3494 /* AppDelegate.swift */ = {isa = PBXFileReference; lastKnownFileType = sourcecode.swift; path = AppDelegate.swift; sourceTree = "<group>"; };
		8476FB5026A5789500BF3494 /* SceneDelegate.swift */ = {isa = PBXFileReference; lastKnownFileType = sourcecode.swift; path = SceneDelegate.swift; sourceTree = "<group>"; };
		8476FB5226A5789500BF3494 /* ViewController.swift */ = {isa = PBXFileReference; lastKnownFileType = sourcecode.swift; path = ViewController.swift; sourceTree = "<group>"; };
		8476FB5526A5789600BF3494 /* Base */ = {isa = PBXFileReference; lastKnownFileType = file.storyboard; name = Base; path = Base.lproj/Main.storyboard; sourceTree = "<group>"; };
		8476FB5726A5789800BF3494 /* Assets.xcassets */ = {isa = PBXFileReference; lastKnownFileType = folder.assetcatalog; path = Assets.xcassets; sourceTree = "<group>"; };
		8476FB5A26A5789800BF3494 /* Base */ = {isa = PBXFileReference; lastKnownFileType = file.storyboard; name = Base; path = Base.lproj/LaunchScreen.storyboard; sourceTree = "<group>"; };
		8476FB5C26A5789800BF3494 /* Info.plist */ = {isa = PBXFileReference; lastKnownFileType = text.plist.xml; path = Info.plist; sourceTree = "<group>"; };
		8476FB6326A5799200BF3494 /* logo.png */ = {isa = PBXFileReference; lastKnownFileType = image.png; path = logo.png; sourceTree = "<group>"; };
		8476FB6426A5799200BF3494 /* botaogerar.png */ = {isa = PBXFileReference; lastKnownFileType = image.png; path = botaogerar.png; sourceTree = "<group>"; };
		8476FB6526A5799300BF3494 /* botaogerar-pressionado.png */ = {isa = PBXFileReference; lastKnownFileType = image.png; path = "botaogerar-pressionado.png"; sourceTree = "<group>"; };
/* End PBXFileReference section */

/* Begin PBXFrameworksBuildPhase section */
		8476FB4826A5789500BF3494 /* Frameworks */ = {
			isa = PBXFrameworksBuildPhase;
			buildActionMask = 2147483647;
			files = (
			);
			runOnlyForDeploymentPostprocessing = 0;
		};
/* End PBXFrameworksBuildPhase section */

/* Begin PBXGroup section */
		8476FB4226A5789500BF3494 = {
			isa = PBXGroup;
			children = (
				8476FB4D26A5789500BF3494 /* Gerador de numeros */,
				8476FB4C26A5789500BF3494 /* Products */,
			);
			sourceTree = "<group>";
		};
		8476FB4C26A5789500BF3494 /* Products */ = {
			isa = PBXGroup;
			children = (
				8476FB4B26A5789500BF3494 /* Gerador de numeros.app */,
			);
			name = Products;
			sourceTree = "<group>";
		};
		8476FB4D26A5789500BF3494 /* Gerador de numeros */ = {
			isa = PBXGroup;
			children = (
				8476FB6526A5799300BF3494 /* botaogerar-pressionado.png */,
				8476FB6426A5799200BF3494 /* botaogerar.png */,
				8476FB6326A5799200BF3494 /* logo.png */,
				8476FB4E26A5789500BF3494 /* AppDelegate.swift */,
				8476FB5026A5789500BF3494 /* SceneDelegate.swift */,
				8476FB5226A5789500BF3494 /* ViewController.swift */,
				8476FB5426A5789600BF3494 /* Main.storyboard */,
				8476FB5726A5789800BF3494 /* Assets.xcassets */,
				8476FB5926A5789800BF3494 /* LaunchScreen.storyboard */,
				8476FB5C26A5789800BF3494 /* Info.plist */,
			);
			path = "Gerador de numeros";
			sourceTree = "<group>";
		};
/* End PBXGroup section */

/* Begin PBXNativeTarget section */
		8476FB4A26A5789500BF3494 /* Gerador de numeros */ = {
			isa = PBXNativeTarget;
			buildConfigurationList = 8476FB5F26A5789800BF3494 /* Build configuration list for PBXNativeTarget "Gerador de numeros" */;
			buildPhases = (
				8476FB4726A5789500BF3494 /* Sources */,
				8476FB4826A5789500BF3494 /* Frameworks */,
				8476FB4926A5789500BF3494 /* Resources */,
			);
			buildRules = (
			);
			dependencies = (
			);
			name = "Gerador de numeros";
			productName = "Gerador de numeros";
			productReference = 8476FB4B26A5789500BF3494 /* Gerador de numeros.app */;
			productType = "com.apple.product-type.application";
		};
/* End PBXNativeTarget section */

/* Begin PBXProject section */
		8476FB4326A5789500BF3494 /* Project object */ = {
			isa = PBXProject;
			attributes = {
				LastSwiftUpdateCheck = 1210;
				LastUpgradeCheck = 1210;
				TargetAttributes = {
					8476FB4A26A5789500BF3494 = {
						CreatedOnToolsVersion = 12.1;
					};
				};
			};
			buildConfigurationList = 8476FB4626A5789500BF3494 /* Build configuration list for PBXProject "Gerador de numeros" */;
			compatibilityVersion = "Xcode 9.3";
			developmentRegion = en;
			hasScannedForEncodings = 0;
			knownRegions = (
				en,
				Base,
			);
			mainGroup = 8476FB4226A5789500BF3494;
			productRefGroup = 8476FB4C26A5789500BF3494 /* Products */;
			projectDirPath = "";
			projectRoot = "";
			targets = (
				8476FB4A26A5789500BF3494 /* Gerador de numeros */,
			);
		};
/* End PBXProject section */

/* Begin PBXResourcesBuildPhase section */
		8476FB4926A5789500BF3494 /* Resources */ = {
			isa = PBXResourcesBuildPhase;
			buildActionMask = 2147483647;
			files = (
				8476FB6626A5799300BF3494 /* logo.png in Resources */,
				8476FB5B26A5789800BF3494 /* LaunchScreen.storyboard in Resources */,
				8476FB6726A5799300BF3494 /* botaogerar.png in Resources */,
				8476FB5826A5789800BF3494 /* Assets.xcassets in Resources */,
				8476FB5626A5789600BF3494 /* Main.storyboard in Resources */,
				8476FB6826A5799300BF3494 /* botaogerar-pressionado.png in Resources */,
			);
			runOnlyForDeploymentPostprocessing = 0;
		};
/* End PBXResourcesBuildPhase section */

/* Begin PBXSourcesBuildPhase section */
		8476FB4726A5789500BF3494 /* Sources */ = {
			isa = PBXSourcesBuildPhase;
			buildActionMask = 2147483647;
			files = (
				8476FB5326A5789600BF3494 /* ViewController.swift in Sources */,
				8476FB4F26A5789500BF3494 /* AppDelegate.swift in Sources */,
				8476FB5126A5789500BF3494 /* SceneDelegate.swift in Sources */,
			);
			runOnlyForDeploymentPostprocessing = 0;
		};
/* End PBXSourcesBuildPhase section */

/* Begin PBXVariantGroup section */
		8476FB5426A5789600BF3494 /* Main.storyboard */ = {
			isa = PBXVariantGroup;
			children = (
				8476FB5526A5789600BF3494 /* Base */,
			);
			name = Main.storyboard;
			sourceTree = "<group>";
		};
		8476FB5926A5789800BF3494 /* LaunchScreen.storyboard */ = {
			isa = PBXVariantGroup;
			children = (
				8476FB5A26A5789800BF3494 /* Base */,
			);
			name = LaunchScreen.storyboard;
			sourceTree = "<group>";
		};
/* End PBXVariantGroup section */

/* Begin XCBuildConfiguration section */
		8476FB5D26A5789800BF3494 /* Debug */ = {
			isa = XCBuildConfiguration;
			buildSettings = {
				ALWAYS_SEARCH_USER_PATHS = NO;
				CLANG_ANALYZER_NONNULL = YES;
				CLANG_ANALYZER_NUMBER_OBJECT_CONVERSION = YES_AGGRESSIVE;
				CLANG_CXX_LANGUAGE_STANDARD = "gnu++14";
				CLANG_CXX_LIBRARY = "libc++";
				CLANG_ENABLE_MODULES = YES;
				CLANG_ENABLE_OBJC_ARC = YES;
				CLANG_ENABLE_OBJC_WEAK = YES;
				CLANG_WARN_BLOCK_CAPTURE_AUTORELEASING = YES;
				CLANG_WARN_BOOL_CONVERSION = YES;
				CLANG_WARN_COMMA = YES;
				CLANG_WARN_CONSTANT_CONVERSION = YES;
				CLANG_WARN_DEPRECATED_OBJC_IMPLEMENTATIONS = YES;
				CLANG_WARN_DIRECT_OBJC_ISA_USAGE = YES_ERROR;
				CLANG_WARN_DOCUMENTATION_COMMENTS = YES;
				CLANG_WARN_EMPTY_BODY = YES;
				CLANG_WARN_ENUM_CONVERSION = YES;
				CLANG_WARN_INFINITE_RECURSION = YES;
				CLANG_WARN_INT_CONVERSION = YES;
				CLANG_WARN_NON_LITERAL_NULL_CONVERSION = YES;
				CLANG_WARN_OBJC_IMPLICIT_RETAIN_SELF = YES;
				CLANG_WARN_OBJC_LITERAL_CONVERSION = YES;
				CLANG_WARN_OBJC_ROOT_CLASS = YES_ERROR;
				CLANG_WARN_QUOTED_INCLUDE_IN_FRAMEWORK_HEADER = YES;
				CLANG_WARN_RANGE_LOOP_ANALYSIS = YES;
				CLANG_WARN_STRICT_PROTOTYPES = YES;
				CLANG_WARN_SUSPICIOUS_MOVE = YES;
				CLANG_WARN_UNGUARDED_AVAILABILITY = YES_AGGRESSIVE;
				CLANG_WARN_UNREACHABLE_CODE = YES;
				CLANG_WARN__DUPLICATE_METHOD_MATCH = YES;
				COPY_PHASE_STRIP = NO;
				DEBUG_INFORMATION_FORMAT = dwarf;
				ENABLE_STRICT_OBJC_MSGSEND = YES;
				ENABLE_TESTABILITY = YES;
				GCC_C_LANGUAGE_STANDARD = gnu11;
				GCC_DYNAMIC_NO_PIC = NO;
				GCC_NO_COMMON_BLOCKS = YES;
				GCC_OPTIMIZATION_LEVEL = 0;
				GCC_PREPROCESSOR_DEFINITIONS = (
					"DEBUG=1",
					"$(inherited)",
				);
				GCC_WARN_64_TO_32_BIT_CONVERSION = YES;
				GCC_WARN_ABOUT_RETURN_TYPE = YES_ERROR;
				GCC_WARN_UNDECLARED_SELECTOR = YES;
				GCC_WARN_UNINITIALIZED_AUTOS = YES_AGGRESSIVE;
				GCC_WARN_UNUSED_FUNCTION = YES;
				GCC_WARN_UNUSED_VARIABLE = YES;
				IPHONEOS_DEPLOYMENT_TARGET = 14.1;
				MTL_ENABLE_DEBUG_INFO = INCLUDE_SOURCE;
				MTL_FAST_MATH = YES;
				ONLY_ACTIVE_ARCH = YES;
				SDKROOT = iphoneos;
				SWIFT_ACTIVE_COMPILATION_CONDITIONS = DEBUG;
				SWIFT_OPTIMIZATION_LEVEL = "-Onone";
			};
			name = Debug;
		};
		8476FB5E26A5789800BF3494 /* Release */ = {
			isa = XCBuildConfiguration;
			buildSettings = {
				ALWAYS_SEARCH_USER_PATHS = NO;
				CLANG_ANALYZER_NONNULL = YES;
				CLANG_ANALYZER_NUMBER_OBJECT_CONVERSION = YES_AGGRESSIVE;
				CLANG_CXX_LANGUAGE_STANDARD = "gnu++14";
				CLANG_CXX_LIBRARY = "libc++";
				CLANG_ENABLE_MODULES = YES;
				CLANG_ENABLE_OBJC_ARC = YES;
				CLANG_ENABLE_OBJC_WEAK = YES;
				CLANG_WARN_BLOCK_CAPTURE_AUTORELEASING = YES;
				CLANG_WARN_BOOL_CONVERSION = YES;
				CLANG_WARN_COMMA = YES;
				CLANG_WARN_CONSTANT_CONVERSION = YES;
				CLANG_WARN_DEPRECATED_OBJC_IMPLEMENTATIONS = YES;
				CLANG_WARN_DIRECT_OBJC_ISA_USAGE = YES_ERROR;
				CLANG_WARN_DOCUMENTATION_COMMENTS = YES;
				CLANG_WARN_EMPTY_BODY = YES;
				CLANG_WARN_ENUM_CONVERSION = YES;
				CLANG_WARN_INFINITE_RECURSION = YES;
				CLANG_WARN_INT_CONVERSION = YES;
				CLANG_WARN_NON_LITERAL_NULL_CONVERSION = YES;
				CLANG_WARN_OBJC_IMPLICIT_RETAIN_SELF = YES;
				CLANG_WARN_OBJC_LITERAL_CONVERSION = YES;
				CLANG_WARN_OBJC_ROOT_CLASS = YES_ERROR;
				CLANG_WARN_QUOTED_INCLUDE_IN_FRAMEWORK_HEADER = YES;
				CLANG_WARN_RANGE_LOOP_ANALYSIS = YES;
				CLANG_WARN_STRICT_PROTOTYPES = YES;
				CLANG_WARN_SUSPICIOUS_MOVE = YES;
				CLANG_WARN_UNGUARDED_AVAILABILITY = YES_AGGRESSIVE;
				CLANG_WARN_UNREACHABLE_CODE = YES;
				CLANG_WARN__DUPLICATE_METHOD_MATCH = YES;
				COPY_PHASE_STRIP = NO;
				DEBUG_INFORMATION_FORMAT = "dwarf-with-dsym";
				ENABLE_NS_ASSERTIONS = NO;
				ENABLE_STRICT_OBJC_MSGSEND = YES;
				GCC_C_LANGUAGE_STANDARD = gnu11;
				GCC_NO_COMMON_BLOCKS = YES;
				GCC_WARN_64_TO_32_BIT_CONVERSION = YES;
				GCC_WARN_ABOUT_RETURN_TYPE = YES_ERROR;
				GCC_WARN_UNDECLARED_SELECTOR = YES;
				GCC_WARN_UNINITIALIZED_AUTOS = YES_AGGRESSIVE;
				GCC_WARN_UNUSED_FUNCTION = YES;
				GCC_WARN_UNUSED_VARIABLE = YES;
				IPHONEOS_DEPLOYMENT_TARGET = 14.1;
				MTL_ENABLE_DEBUG_INFO = NO;
				MTL_FAST_MATH = YES;
				SDKROOT = iphoneos;
				SWIFT_COMPILATION_MODE = wholemodule;
				SWIFT_OPTIMIZATION_LEVEL = "-O";
				VALIDATE_PRODUCT = YES;
			};
			name = Release;
		};
		8476FB6026A5789800BF3494 /* Debug */ = {
			isa = XCBuildConfiguration;
			buildSettings = {
				ASSETCATALOG_COMPILER_APPICON_NAME = AppIcon;
				ASSETCATALOG_COMPILER_GLOBAL_ACCENT_COLOR_NAME = AccentColor;
				CODE_SIGN_STYLE = Automatic;
				INFOPLIST_FILE = "Gerador de numeros/Info.plist";
				LD_RUNPATH_SEARCH_PATHS = (
					"$(inherited)",
					"@executable_path/Frameworks",
				);
				PRODUCT_BUNDLE_IDENTIFIER = "camorii-apps.Gerador-de-numeros";
				PRODUCT_NAME = "$(TARGET_NAME)";
				SWIFT_VERSION = 5.0;
				TARGETED_DEVICE_FAMILY = "1,2";
			};
			name = Debug;
		};
		8476FB6126A5789800BF3494 /* Release */ = {
			isa = XCBuildConfiguration;
			buildSettings = {
				ASSETCATALOG_COMPILER_APPICON_NAME = AppIcon;
				ASSETCATALOG_COMPILER_GLOBAL_ACCENT_COLOR_NAME = AccentColor;
				CODE_SIGN_STYLE = Automatic;
				INFOPLIST_FILE = "Gerador de numeros/Info.plist";
				LD_RUNPATH_SEARCH_PATHS = (
					"$(inherited)",
					"@executable_path/Frameworks",
				);
				PRODUCT_BUNDLE_IDENTIFIER = "camorii-apps.Gerador-de-numeros";
				PRODUCT_NAME = "$(TARGET_NAME)";
				SWIFT_VERSION = 5.0;
				TARGETED_DEVICE_FAMILY = "1,2";
			};
			name = Release;
		};
/* End XCBuildConfiguration section */

/* Begin XCConfigurationList section */
		8476FB4626A5789500BF3494 /* Build configuration list for PBXProject "Gerador de numeros" */ = {
			isa = XCConfigurationList;
			buildConfigurations = (
				8476FB5D26A5789800BF3494 /* Debug */,
				8476FB5E26A5789800BF3494 /* Release */,
			);
			defaultConfigurationIsVisible = 0;
			defaultConfigurationName = Release;
		};
		8476FB5F26A5789800BF3494 /* Build configuration list for PBXNativeTarget "Gerador de numeros" */ = {
			isa = XCConfigurationList;
			buildConfigurations = (
				8476FB6026A5789800BF3494 /* Debug */,
				8476FB6126A5789800BF3494 /* Release */,
			);
			defaultConfigurationIsVisible = 0;
			defaultConfigurationName = Release;
		};
/* End XCConfigurationList section */
	};
	rootObject = 8476FB4326A5789500BF3494 /* Project object */;
}
